// !$*UTF8*$!
{
	archiveVersion = 1;
	classes = {
	};
	objectVersion = 48;
	objects = {

/* Begin PBXBuildFile section */
		11029B8D1F6865530050DC0C /* JSONParser.swift in Sources */ = {isa = PBXBuildFile; fileRef = 11029B8C1F6865530050DC0C /* JSONParser.swift */; };
		11029B8F1F68687E0050DC0C /* DownloadAllShopsInteractorNSURLSessionImpl.swift in Sources */ = {isa = PBXBuildFile; fileRef = 11029B8E1F68687E0050DC0C /* DownloadAllShopsInteractorNSURLSessionImpl.swift */; };
		11029B911F68731D0050DC0C /* ShopDetailViewController.swift in Sources */ = {isa = PBXBuildFile; fileRef = 11029B901F68731D0050DC0C /* ShopDetailViewController.swift */; };
		11029B941F6880250050DC0C /* String+Image.swift in Sources */ = {isa = PBXBuildFile; fileRef = 11029B931F6880250050DC0C /* String+Image.swift */; };
		110DA75A1F61E127009A0BDF /* DownloadAllShopsInteractor.swift in Sources */ = {isa = PBXBuildFile; fileRef = 110DA7591F61E127009A0BDF /* DownloadAllShopsInteractor.swift */; };
		111D22CA1F6EECC6008ECC18 /* CoreData.framework in Frameworks */ = {isa = PBXBuildFile; fileRef = 111D22C91F6EECC6008ECC18 /* CoreData.framework */; };
		111D22CD1F6EEFE1008ECC18 /* MadridShops.xcdatamodeld in Sources */ = {isa = PBXBuildFile; fileRef = 111D22CB1F6EEFE1008ECC18 /* MadridShops.xcdatamodeld */; };
		111D22CF1F6EF140008ECC18 /* CoreDataStack.swift in Sources */ = {isa = PBXBuildFile; fileRef = 111D22CE1F6EF140008ECC18 /* CoreDataStack.swift */; };
		112C9A741F62FE170093A9F8 /* MapKit.framework in Frameworks */ = {isa = PBXBuildFile; fileRef = 112C9A731F62FE170093A9F8 /* MapKit.framework */; };
		112C9A761F62FFC80093A9F8 /* ViewController+CollectionView.swift in Sources */ = {isa = PBXBuildFile; fileRef = 112C9A751F62FFC80093A9F8 /* ViewController+CollectionView.swift */; };
		112C9A791F6305200093A9F8 /* ShopCell.swift in Sources */ = {isa = PBXBuildFile; fileRef = 112C9A781F6305200093A9F8 /* ShopCell.swift */; };
		115CD8DD1F74F7110076110C /* URL_CONSTANTS.swift in Sources */ = {isa = PBXBuildFile; fileRef = 115CD8DC1F74F7110076110C /* URL_CONSTANTS.swift */; };
		115CD8DF1F74FDDC0076110C /* MapImageURL.swift in Sources */ = {isa = PBXBuildFile; fileRef = 115CD8DE1F74FDDC0076110C /* MapImageURL.swift */; };
		116132D01F77AA4700FAE562 /* DownloadImagesInteractor.swift in Sources */ = {isa = PBXBuildFile; fileRef = 116132CF1F77AA4700FAE562 /* DownloadImagesInteractor.swift */; };
		116132D21F77AAFF00FAE562 /* DownloadImagesInteractorImpl.swift in Sources */ = {isa = PBXBuildFile; fileRef = 116132D11F77AAFF00FAE562 /* DownloadImagesInteractorImpl.swift */; };
		11771BF71F73972F008BCF9B /* String+Float.swift in Sources */ = {isa = PBXBuildFile; fileRef = 11771BF61F73972F008BCF9B /* String+Float.swift */; };
		11889ACE1F6292B4008B8F18 /* Typealias.swift in Sources */ = {isa = PBXBuildFile; fileRef = 11889ACD1F6292B4008B8F18 /* Typealias.swift */; };
		11889AD21F629334008B8F18 /* DownloadAllShopsInteractorFakeImpl.swift in Sources */ = {isa = PBXBuildFile; fileRef = 11889AD11F629334008B8F18 /* DownloadAllShopsInteractorFakeImpl.swift */; };
		118B167A1F73D265008D2E0D /* MapPin.swift in Sources */ = {isa = PBXBuildFile; fileRef = 118B16791F73D265008D2E0D /* MapPin.swift */; };
		118B167C1F73D60F008D2E0D /* ViewController+MapView.swift in Sources */ = {isa = PBXBuildFile; fileRef = 118B167B1F73D60F008D2E0D /* ViewController+MapView.swift */; };
		11A70CAD1F66BD62003F9C0F /* ShopCell.xib in Resources */ = {isa = PBXBuildFile; fileRef = 11A70CAC1F66BD62003F9C0F /* ShopCell.xib */; };
		11BE701C1F74FF8E00895CBD /* Double+String.swift in Sources */ = {isa = PBXBuildFile; fileRef = 11BE701B1F74FF8E00895CBD /* Double+String.swift */; };
		11E464CF1F710D1E00264E7B /* MapShops.swift in Sources */ = {isa = PBXBuildFile; fileRef = 11E464CE1F710D1E00264E7B /* MapShops.swift */; };
		11E464D31F7111C000264E7B /* ExecuteOnceInteractor.swift in Sources */ = {isa = PBXBuildFile; fileRef = 11E464D21F7111C000264E7B /* ExecuteOnceInteractor.swift */; };
		11E464D51F71120000264E7B /* SetExecutedOnceInteractor.swift in Sources */ = {isa = PBXBuildFile; fileRef = 11E464D41F71120000264E7B /* SetExecutedOnceInteractor.swift */; };
		11E464D71F71133A00264E7B /* SetExecutedOnceInteractorImpl.swift in Sources */ = {isa = PBXBuildFile; fileRef = 11E464D61F71133A00264E7B /* SetExecutedOnceInteractorImpl.swift */; };
		11E464D91F71143B00264E7B /* ExecuteOnceInteractorImpl.swift in Sources */ = {isa = PBXBuildFile; fileRef = 11E464D81F71143B00264E7B /* ExecuteOnceInteractorImpl.swift */; };
		11F8A5361F6712FD00DF37F2 /* Podfile in Resources */ = {isa = PBXBuildFile; fileRef = 11F8A5351F6712FD00DF37F2 /* Podfile */; };
		11F8A5381F671E2800DF37F2 /* MainViewController.swift in Sources */ = {isa = PBXBuildFile; fileRef = 11F8A5371F671E2800DF37F2 /* MainViewController.swift */; };
		11F9DF0E1F682CEA00C01C0F /* DownloadAllShopInteractorNSOpImpl.swift in Sources */ = {isa = PBXBuildFile; fileRef = 11F9DF0D1F682CEA00C01C0F /* DownloadAllShopInteractorNSOpImpl.swift */; };
		11FC351B1F61D02100CC5F1D /* ViewController.swift in Sources */ = {isa = PBXBuildFile; fileRef = 11FC351A1F61D02100CC5F1D /* ViewController.swift */; };
		11FC351E1F61D02100CC5F1D /* Main.storyboard in Resources */ = {isa = PBXBuildFile; fileRef = 11FC351C1F61D02100CC5F1D /* Main.storyboard */; };
		11FC35201F61D02100CC5F1D /* Assets.xcassets in Resources */ = {isa = PBXBuildFile; fileRef = 11FC351F1F61D02100CC5F1D /* Assets.xcassets */; };
		11FC35231F61D02100CC5F1D /* LaunchScreen.storyboard in Resources */ = {isa = PBXBuildFile; fileRef = 11FC35211F61D02100CC5F1D /* LaunchScreen.storyboard */; };
		11FC353C1F61D2DC00CC5F1D /* Shop.swift in Sources */ = {isa = PBXBuildFile; fileRef = 11FC353B1F61D2DC00CC5F1D /* Shop.swift */; };
		11FC353E1F61D4F700CC5F1D /* Shops.swift in Sources */ = {isa = PBXBuildFile; fileRef = 11FC353D1F61D4F700CC5F1D /* Shops.swift */; };
		11FC35411F61DAD500CC5F1D /* ShopsTest.swift in Sources */ = {isa = PBXBuildFile; fileRef = 11FC35401F61DAD500CC5F1D /* ShopsTest.swift */; };
		11FDD4241F6EF3D700C94C72 /* AppDelegate.swift in Sources */ = {isa = PBXBuildFile; fileRef = 11FDD4231F6EF3D700C94C72 /* AppDelegate.swift */; };
		11FDD4281F6F9CA100C94C72 /* SaveAllShopsInteractor.swift in Sources */ = {isa = PBXBuildFile; fileRef = 11FDD4271F6F9CA100C94C72 /* SaveAllShopsInteractor.swift */; };
		11FDD42A1F6F9D8600C94C72 /* SaveAllShopsInteractorImpl.swift in Sources */ = {isa = PBXBuildFile; fileRef = 11FDD4291F6F9D8600C94C72 /* SaveAllShopsInteractorImpl.swift */; };
		218A396C95999B868D2680DB /* Pods_MadridShops.framework in Frameworks */ = {isa = PBXBuildFile; fileRef = B9F95A57B327349A75546091 /* Pods_MadridShops.framework */; };
		C8A40C5A42745717EF6761FC /* Pods_MadridShopsTests.framework in Frameworks */ = {isa = PBXBuildFile; fileRef = C27695F2A41E47876B8952D2 /* Pods_MadridShopsTests.framework */; };
/* End PBXBuildFile section */

/* Begin PBXContainerItemProxy section */
		11FC352A1F61D02100CC5F1D /* PBXContainerItemProxy */ = {
			isa = PBXContainerItemProxy;
			containerPortal = 11FC350D1F61D02100CC5F1D /* Project object */;
			proxyType = 1;
			remoteGlobalIDString = 11FC35141F61D02100CC5F1D;
			remoteInfo = MadridShops;
		};
/* End PBXContainerItemProxy section */

/* Begin PBXFileReference section */
		0D079886927B0C3F69604C1A /* Pods-MadridShopsTests.release.xcconfig */ = {isa = PBXFileReference; includeInIndex = 1; lastKnownFileType = text.xcconfig; name = "Pods-MadridShopsTests.release.xcconfig"; path = "Pods/Target Support Files/Pods-MadridShopsTests/Pods-MadridShopsTests.release.xcconfig"; sourceTree = "<group>"; };
		11029B8C1F6865530050DC0C /* JSONParser.swift */ = {isa = PBXFileReference; lastKnownFileType = sourcecode.swift; path = JSONParser.swift; sourceTree = "<group>"; };
		11029B8E1F68687E0050DC0C /* DownloadAllShopsInteractorNSURLSessionImpl.swift */ = {isa = PBXFileReference; lastKnownFileType = sourcecode.swift; path = DownloadAllShopsInteractorNSURLSessionImpl.swift; sourceTree = "<group>"; };
		11029B901F68731D0050DC0C /* ShopDetailViewController.swift */ = {isa = PBXFileReference; lastKnownFileType = sourcecode.swift; path = ShopDetailViewController.swift; sourceTree = "<group>"; };
		11029B931F6880250050DC0C /* String+Image.swift */ = {isa = PBXFileReference; lastKnownFileType = sourcecode.swift; path = "String+Image.swift"; sourceTree = "<group>"; };
		110DA7591F61E127009A0BDF /* DownloadAllShopsInteractor.swift */ = {isa = PBXFileReference; lastKnownFileType = sourcecode.swift; path = DownloadAllShopsInteractor.swift; sourceTree = "<group>"; };
		111D22C91F6EECC6008ECC18 /* CoreData.framework */ = {isa = PBXFileReference; lastKnownFileType = wrapper.framework; name = CoreData.framework; path = System/Library/Frameworks/CoreData.framework; sourceTree = SDKROOT; };
		111D22CC1F6EEFE1008ECC18 /* MadridShops.xcdatamodel */ = {isa = PBXFileReference; lastKnownFileType = wrapper.xcdatamodel; path = MadridShops.xcdatamodel; sourceTree = "<group>"; };
		111D22CE1F6EF140008ECC18 /* CoreDataStack.swift */ = {isa = PBXFileReference; lastKnownFileType = sourcecode.swift; path = CoreDataStack.swift; sourceTree = "<group>"; };
		112C9A731F62FE170093A9F8 /* MapKit.framework */ = {isa = PBXFileReference; lastKnownFileType = wrapper.framework; name = MapKit.framework; path = System/Library/Frameworks/MapKit.framework; sourceTree = SDKROOT; };
		112C9A751F62FFC80093A9F8 /* ViewController+CollectionView.swift */ = {isa = PBXFileReference; lastKnownFileType = sourcecode.swift; path = "ViewController+CollectionView.swift"; sourceTree = "<group>"; };
		112C9A771F6303F50093A9F8 /* store.png */ = {isa = PBXFileReference; lastKnownFileType = image.png; path = store.png; sourceTree = "<group>"; };
		112C9A781F6305200093A9F8 /* ShopCell.swift */ = {isa = PBXFileReference; lastKnownFileType = sourcecode.swift; path = ShopCell.swift; sourceTree = "<group>"; };
		115CD8DC1F74F7110076110C /* URL_CONSTANTS.swift */ = {isa = PBXFileReference; lastKnownFileType = sourcecode.swift; path = URL_CONSTANTS.swift; sourceTree = "<group>"; };
		115CD8DE1F74FDDC0076110C /* MapImageURL.swift */ = {isa = PBXFileReference; lastKnownFileType = sourcecode.swift; path = MapImageURL.swift; sourceTree = "<group>"; };
		116132CF1F77AA4700FAE562 /* DownloadImagesInteractor.swift */ = {isa = PBXFileReference; lastKnownFileType = sourcecode.swift; path = DownloadImagesInteractor.swift; sourceTree = "<group>"; };
		116132D11F77AAFF00FAE562 /* DownloadImagesInteractorImpl.swift */ = {isa = PBXFileReference; lastKnownFileType = sourcecode.swift; path = DownloadImagesInteractorImpl.swift; sourceTree = "<group>"; };
		11771BF61F73972F008BCF9B /* String+Float.swift */ = {isa = PBXFileReference; lastKnownFileType = sourcecode.swift; path = "String+Float.swift"; sourceTree = "<group>"; };
		11889ACD1F6292B4008B8F18 /* Typealias.swift */ = {isa = PBXFileReference; lastKnownFileType = sourcecode.swift; path = Typealias.swift; sourceTree = "<group>"; };
		11889AD11F629334008B8F18 /* DownloadAllShopsInteractorFakeImpl.swift */ = {isa = PBXFileReference; lastKnownFileType = sourcecode.swift; path = DownloadAllShopsInteractorFakeImpl.swift; sourceTree = "<group>"; };
		118B16791F73D265008D2E0D /* MapPin.swift */ = {isa = PBXFileReference; lastKnownFileType = sourcecode.swift; path = MapPin.swift; sourceTree = "<group>"; };
		118B167B1F73D60F008D2E0D /* ViewController+MapView.swift */ = {isa = PBXFileReference; lastKnownFileType = sourcecode.swift; path = "ViewController+MapView.swift"; sourceTree = "<group>"; };
		11A70CAC1F66BD62003F9C0F /* ShopCell.xib */ = {isa = PBXFileReference; lastKnownFileType = file.xib; path = ShopCell.xib; sourceTree = "<group>"; };
		11BE701B1F74FF8E00895CBD /* Double+String.swift */ = {isa = PBXFileReference; lastKnownFileType = sourcecode.swift; path = "Double+String.swift"; sourceTree = "<group>"; };
		11E464CE1F710D1E00264E7B /* MapShops.swift */ = {isa = PBXFileReference; lastKnownFileType = sourcecode.swift; path = MapShops.swift; sourceTree = "<group>"; };
		11E464D21F7111C000264E7B /* ExecuteOnceInteractor.swift */ = {isa = PBXFileReference; lastKnownFileType = sourcecode.swift; path = ExecuteOnceInteractor.swift; sourceTree = "<group>"; };
		11E464D41F71120000264E7B /* SetExecutedOnceInteractor.swift */ = {isa = PBXFileReference; lastKnownFileType = sourcecode.swift; path = SetExecutedOnceInteractor.swift; sourceTree = "<group>"; };
		11E464D61F71133A00264E7B /* SetExecutedOnceInteractorImpl.swift */ = {isa = PBXFileReference; lastKnownFileType = sourcecode.swift; path = SetExecutedOnceInteractorImpl.swift; sourceTree = "<group>"; };
		11E464D81F71143B00264E7B /* ExecuteOnceInteractorImpl.swift */ = {isa = PBXFileReference; lastKnownFileType = sourcecode.swift; path = ExecuteOnceInteractorImpl.swift; sourceTree = "<group>"; };
		11F8A5351F6712FD00DF37F2 /* Podfile */ = {isa = PBXFileReference; lastKnownFileType = text; path = Podfile; sourceTree = "<group>"; xcLanguageSpecificationIdentifier = xcode.lang.ruby; };
		11F8A5371F671E2800DF37F2 /* MainViewController.swift */ = {isa = PBXFileReference; lastKnownFileType = sourcecode.swift; path = MainViewController.swift; sourceTree = "<group>"; };
		11F9DF0D1F682CEA00C01C0F /* DownloadAllShopInteractorNSOpImpl.swift */ = {isa = PBXFileReference; lastKnownFileType = sourcecode.swift; path = DownloadAllShopInteractorNSOpImpl.swift; sourceTree = "<group>"; };
		11FC35151F61D02100CC5F1D /* MadridShops.app */ = {isa = PBXFileReference; explicitFileType = wrapper.application; includeInIndex = 0; path = MadridShops.app; sourceTree = BUILT_PRODUCTS_DIR; };
		11FC351A1F61D02100CC5F1D /* ViewController.swift */ = {isa = PBXFileReference; lastKnownFileType = sourcecode.swift; path = ViewController.swift; sourceTree = "<group>"; };
		11FC351D1F61D02100CC5F1D /* Base */ = {isa = PBXFileReference; lastKnownFileType = file.storyboard; name = Base; path = Base.lproj/Main.storyboard; sourceTree = "<group>"; };
		11FC351F1F61D02100CC5F1D /* Assets.xcassets */ = {isa = PBXFileReference; lastKnownFileType = folder.assetcatalog; path = Assets.xcassets; sourceTree = "<group>"; };
		11FC35221F61D02100CC5F1D /* Base */ = {isa = PBXFileReference; lastKnownFileType = file.storyboard; name = Base; path = Base.lproj/LaunchScreen.storyboard; sourceTree = "<group>"; };
		11FC35241F61D02100CC5F1D /* Info.plist */ = {isa = PBXFileReference; lastKnownFileType = text.plist.xml; path = Info.plist; sourceTree = "<group>"; };
		11FC35291F61D02100CC5F1D /* MadridShopsTests.xctest */ = {isa = PBXFileReference; explicitFileType = wrapper.cfbundle; includeInIndex = 0; path = MadridShopsTests.xctest; sourceTree = BUILT_PRODUCTS_DIR; };
		11FC352F1F61D02100CC5F1D /* Info.plist */ = {isa = PBXFileReference; lastKnownFileType = text.plist.xml; path = Info.plist; sourceTree = "<group>"; };
		11FC353B1F61D2DC00CC5F1D /* Shop.swift */ = {isa = PBXFileReference; lastKnownFileType = sourcecode.swift; path = Shop.swift; sourceTree = "<group>"; };
		11FC353D1F61D4F700CC5F1D /* Shops.swift */ = {isa = PBXFileReference; lastKnownFileType = sourcecode.swift; path = Shops.swift; sourceTree = "<group>"; };
		11FC353F1F61DAD400CC5F1D /* MadridShopsTests-Bridging-Header.h */ = {isa = PBXFileReference; lastKnownFileType = sourcecode.c.h; path = "MadridShopsTests-Bridging-Header.h"; sourceTree = "<group>"; };
		11FC35401F61DAD500CC5F1D /* ShopsTest.swift */ = {isa = PBXFileReference; lastKnownFileType = sourcecode.swift; path = ShopsTest.swift; sourceTree = "<group>"; };
		11FDD4231F6EF3D700C94C72 /* AppDelegate.swift */ = {isa = PBXFileReference; lastKnownFileType = sourcecode.swift; path = AppDelegate.swift; sourceTree = "<group>"; };
		11FDD4271F6F9CA100C94C72 /* SaveAllShopsInteractor.swift */ = {isa = PBXFileReference; lastKnownFileType = sourcecode.swift; path = SaveAllShopsInteractor.swift; sourceTree = "<group>"; };
		11FDD4291F6F9D8600C94C72 /* SaveAllShopsInteractorImpl.swift */ = {isa = PBXFileReference; lastKnownFileType = sourcecode.swift; path = SaveAllShopsInteractorImpl.swift; sourceTree = "<group>"; };
		1C7BCE03F84E45C5656DA98C /* Pods-MadridShops.release.xcconfig */ = {isa = PBXFileReference; includeInIndex = 1; lastKnownFileType = text.xcconfig; name = "Pods-MadridShops.release.xcconfig"; path = "Pods/Target Support Files/Pods-MadridShops/Pods-MadridShops.release.xcconfig"; sourceTree = "<group>"; };
		1EE7FA78A7C40EDA0EC765FB /* Pods-MadridShops.debug.xcconfig */ = {isa = PBXFileReference; includeInIndex = 1; lastKnownFileType = text.xcconfig; name = "Pods-MadridShops.debug.xcconfig"; path = "Pods/Target Support Files/Pods-MadridShops/Pods-MadridShops.debug.xcconfig"; sourceTree = "<group>"; };
		B9F95A57B327349A75546091 /* Pods_MadridShops.framework */ = {isa = PBXFileReference; explicitFileType = wrapper.framework; includeInIndex = 0; path = Pods_MadridShops.framework; sourceTree = BUILT_PRODUCTS_DIR; };
		C27695F2A41E47876B8952D2 /* Pods_MadridShopsTests.framework */ = {isa = PBXFileReference; explicitFileType = wrapper.framework; includeInIndex = 0; path = Pods_MadridShopsTests.framework; sourceTree = BUILT_PRODUCTS_DIR; };
		CEF1E2806CCE2963FCDC98D3 /* Pods-MadridShopsTests.debug.xcconfig */ = {isa = PBXFileReference; includeInIndex = 1; lastKnownFileType = text.xcconfig; name = "Pods-MadridShopsTests.debug.xcconfig"; path = "Pods/Target Support Files/Pods-MadridShopsTests/Pods-MadridShopsTests.debug.xcconfig"; sourceTree = "<group>"; };
/* End PBXFileReference section */

/* Begin PBXFrameworksBuildPhase section */
		11FC35121F61D02100CC5F1D /* Frameworks */ = {
			isa = PBXFrameworksBuildPhase;
			buildActionMask = 2147483647;
			files = (
				111D22CA1F6EECC6008ECC18 /* CoreData.framework in Frameworks */,
				112C9A741F62FE170093A9F8 /* MapKit.framework in Frameworks */,
				218A396C95999B868D2680DB /* Pods_MadridShops.framework in Frameworks */,
			);
			runOnlyForDeploymentPostprocessing = 0;
		};
		11FC35261F61D02100CC5F1D /* Frameworks */ = {
			isa = PBXFrameworksBuildPhase;
			buildActionMask = 2147483647;
			files = (
				C8A40C5A42745717EF6761FC /* Pods_MadridShopsTests.framework in Frameworks */,
			);
			runOnlyForDeploymentPostprocessing = 0;
		};
/* End PBXFrameworksBuildPhase section */

/* Begin PBXGroup section */
		11029B8B1F6865360050DC0C /* Json Parser */ = {
			isa = PBXGroup;
			children = (
				11029B8C1F6865530050DC0C /* JSONParser.swift */,
			);
			path = "Json Parser";
			sourceTree = "<group>";
		};
		11029B921F6880040050DC0C /* Util */ = {
			isa = PBXGroup;
			children = (
				111D22CE1F6EF140008ECC18 /* CoreDataStack.swift */,
				11029B931F6880250050DC0C /* String+Image.swift */,
				11771BF61F73972F008BCF9B /* String+Float.swift */,
				115CD8DE1F74FDDC0076110C /* MapImageURL.swift */,
				11BE701B1F74FF8E00895CBD /* Double+String.swift */,
			);
			path = Util;
			sourceTree = "<group>";
		};
		110A44CA1F701A0000E05460 /* NetworkInteractor */ = {
			isa = PBXGroup;
			children = (
				110DA7591F61E127009A0BDF /* DownloadAllShopsInteractor.swift */,
				11889AD11F629334008B8F18 /* DownloadAllShopsInteractorFakeImpl.swift */,
				11F9DF0D1F682CEA00C01C0F /* DownloadAllShopInteractorNSOpImpl.swift */,
				11029B8E1F68687E0050DC0C /* DownloadAllShopsInteractorNSURLSessionImpl.swift */,
				115CD8DC1F74F7110076110C /* URL_CONSTANTS.swift */,
				116132CF1F77AA4700FAE562 /* DownloadImagesInteractor.swift */,
				116132D11F77AAFF00FAE562 /* DownloadImagesInteractorImpl.swift */,
			);
			path = NetworkInteractor;
			sourceTree = "<group>";
		};
		110DA7581F61E07C009A0BDF /* Interactor */ = {
			isa = PBXGroup;
			children = (
				11889ACD1F6292B4008B8F18 /* Typealias.swift */,
				110A44CA1F701A0000E05460 /* NetworkInteractor */,
				11FDD4261F6F9C3700C94C72 /* CacheInteractor */,
				11E464D21F7111C000264E7B /* ExecuteOnceInteractor.swift */,
				11E464D41F71120000264E7B /* SetExecutedOnceInteractor.swift */,
				11E464D61F71133A00264E7B /* SetExecutedOnceInteractorImpl.swift */,
				11E464D81F71143B00264E7B /* ExecuteOnceInteractorImpl.swift */,
			);
			path = Interactor;
			sourceTree = "<group>";
		};
		112C9A721F62FE170093A9F8 /* Frameworks */ = {
			isa = PBXGroup;
			children = (
				111D22C91F6EECC6008ECC18 /* CoreData.framework */,
				112C9A731F62FE170093A9F8 /* MapKit.framework */,
				B9F95A57B327349A75546091 /* Pods_MadridShops.framework */,
				C27695F2A41E47876B8952D2 /* Pods_MadridShopsTests.framework */,
			);
			name = Frameworks;
			sourceTree = "<group>";
		};
		11E464CD1F710D0500264E7B /* Mappers */ = {
			isa = PBXGroup;
			children = (
				11E464CE1F710D1E00264E7B /* MapShops.swift */,
			);
			path = Mappers;
			sourceTree = "<group>";
		};
		11FC350C1F61D02100CC5F1D = {
			isa = PBXGroup;
			children = (
				11F8A5351F6712FD00DF37F2 /* Podfile */,
				11FC35171F61D02100CC5F1D /* MadridShops */,
				11FC352C1F61D02100CC5F1D /* MadridShopsTests */,
				11FC35161F61D02100CC5F1D /* Products */,
				112C9A721F62FE170093A9F8 /* Frameworks */,
				FEAE22368D920AC429832989 /* Pods */,
			);
			sourceTree = "<group>";
		};
		11FC35161F61D02100CC5F1D /* Products */ = {
			isa = PBXGroup;
			children = (
				11FC35151F61D02100CC5F1D /* MadridShops.app */,
				11FC35291F61D02100CC5F1D /* MadridShopsTests.xctest */,
			);
			name = Products;
			sourceTree = "<group>";
		};
		11FC35171F61D02100CC5F1D /* MadridShops */ = {
			isa = PBXGroup;
			children = (
				11FDD4231F6EF3D700C94C72 /* AppDelegate.swift */,
				11029B921F6880040050DC0C /* Util */,
				11FC353A1F61D1BB00CC5F1D /* Model */,
				11FC35391F61D1A500CC5F1D /* View */,
				11FC35381F61D19300CC5F1D /* Controller */,
				11FC351F1F61D02100CC5F1D /* Assets.xcassets */,
				112C9A771F6303F50093A9F8 /* store.png */,
				11FC35241F61D02100CC5F1D /* Info.plist */,
			);
			path = MadridShops;
			sourceTree = "<group>";
		};
		11FC352C1F61D02100CC5F1D /* MadridShopsTests */ = {
			isa = PBXGroup;
			children = (
				11FC352F1F61D02100CC5F1D /* Info.plist */,
				11FC35401F61DAD500CC5F1D /* ShopsTest.swift */,
				11FC353F1F61DAD400CC5F1D /* MadridShopsTests-Bridging-Header.h */,
			);
			path = MadridShopsTests;
			sourceTree = "<group>";
		};
		11FC35381F61D19300CC5F1D /* Controller */ = {
			isa = PBXGroup;
			children = (
				11FC351A1F61D02100CC5F1D /* ViewController.swift */,
				118B167B1F73D60F008D2E0D /* ViewController+MapView.swift */,
				112C9A751F62FFC80093A9F8 /* ViewController+CollectionView.swift */,
				11F8A5371F671E2800DF37F2 /* MainViewController.swift */,
				11029B901F68731D0050DC0C /* ShopDetailViewController.swift */,
			);
			path = Controller;
			sourceTree = "<group>";
		};
		11FC35391F61D1A500CC5F1D /* View */ = {
			isa = PBXGroup;
			children = (
				11FC351C1F61D02100CC5F1D /* Main.storyboard */,
				11FC35211F61D02100CC5F1D /* LaunchScreen.storyboard */,
				112C9A781F6305200093A9F8 /* ShopCell.swift */,
				11A70CAC1F66BD62003F9C0F /* ShopCell.xib */,
				118B16791F73D265008D2E0D /* MapPin.swift */,
			);
			path = View;
			sourceTree = "<group>";
		};
		11FC353A1F61D1BB00CC5F1D /* Model */ = {
			isa = PBXGroup;
			children = (
				11E464CD1F710D0500264E7B /* Mappers */,
				11029B8B1F6865360050DC0C /* Json Parser */,
				110DA7581F61E07C009A0BDF /* Interactor */,
				11FC353B1F61D2DC00CC5F1D /* Shop.swift */,
				11FC353D1F61D4F700CC5F1D /* Shops.swift */,
				111D22CB1F6EEFE1008ECC18 /* MadridShops.xcdatamodeld */,
			);
			path = Model;
			sourceTree = "<group>";
		};
		11FDD4261F6F9C3700C94C72 /* CacheInteractor */ = {
			isa = PBXGroup;
			children = (
				11FDD4271F6F9CA100C94C72 /* SaveAllShopsInteractor.swift */,
				11FDD4291F6F9D8600C94C72 /* SaveAllShopsInteractorImpl.swift */,
			);
			path = CacheInteractor;
			sourceTree = "<group>";
		};
		FEAE22368D920AC429832989 /* Pods */ = {
			isa = PBXGroup;
			children = (
				1EE7FA78A7C40EDA0EC765FB /* Pods-MadridShops.debug.xcconfig */,
				1C7BCE03F84E45C5656DA98C /* Pods-MadridShops.release.xcconfig */,
				CEF1E2806CCE2963FCDC98D3 /* Pods-MadridShopsTests.debug.xcconfig */,
				0D079886927B0C3F69604C1A /* Pods-MadridShopsTests.release.xcconfig */,
			);
			name = Pods;
			sourceTree = "<group>";
		};
/* End PBXGroup section */

/* Begin PBXNativeTarget section */
		11FC35141F61D02100CC5F1D /* MadridShops */ = {
			isa = PBXNativeTarget;
			buildConfigurationList = 11FC35321F61D02100CC5F1D /* Build configuration list for PBXNativeTarget "MadridShops" */;
			buildPhases = (
				E0FD17134DD654D1D3C0EEA0 /* [CP] Check Pods Manifest.lock */,
				11FC35111F61D02100CC5F1D /* Sources */,
				11FC35121F61D02100CC5F1D /* Frameworks */,
				11FC35131F61D02100CC5F1D /* Resources */,
				9788DCA52C1B5B9459BB813F /* [CP] Embed Pods Frameworks */,
				719DE0637EE46E76AA97435F /* [CP] Copy Pods Resources */,
			);
			buildRules = (
			);
			dependencies = (
			);
			name = MadridShops;
			productName = MadridShops;
			productReference = 11FC35151F61D02100CC5F1D /* MadridShops.app */;
			productType = "com.apple.product-type.application";
		};
		11FC35281F61D02100CC5F1D /* MadridShopsTests */ = {
			isa = PBXNativeTarget;
			buildConfigurationList = 11FC35351F61D02100CC5F1D /* Build configuration list for PBXNativeTarget "MadridShopsTests" */;
			buildPhases = (
				23690DB493FDF2F2B3CB39AF /* [CP] Check Pods Manifest.lock */,
				11FC35251F61D02100CC5F1D /* Sources */,
				11FC35261F61D02100CC5F1D /* Frameworks */,
				11FC35271F61D02100CC5F1D /* Resources */,
				0DA03F30EA9C235AD00A3A19 /* [CP] Embed Pods Frameworks */,
				B881FBE48291D5E59B3FF2E5 /* [CP] Copy Pods Resources */,
			);
			buildRules = (
			);
			dependencies = (
				11FC352B1F61D02100CC5F1D /* PBXTargetDependency */,
			);
			name = MadridShopsTests;
			productName = MadridShopsTests;
			productReference = 11FC35291F61D02100CC5F1D /* MadridShopsTests.xctest */;
			productType = "com.apple.product-type.bundle.unit-test";
		};
/* End PBXNativeTarget section */

/* Begin PBXProject section */
		11FC350D1F61D02100CC5F1D /* Project object */ = {
			isa = PBXProject;
			attributes = {
				LastSwiftUpdateCheck = 0900;
				LastUpgradeCheck = 0900;
				ORGANIZATIONNAME = "jose luis sanchez-porro godoy";
				TargetAttributes = {
					11FC35141F61D02100CC5F1D = {
						CreatedOnToolsVersion = 9.0;
						ProvisioningStyle = Automatic;
						SystemCapabilities = {
							com.apple.Maps.iOS = {
								enabled = 1;
							};
						};
					};
					11FC35281F61D02100CC5F1D = {
						CreatedOnToolsVersion = 9.0;
						LastSwiftMigration = 0900;
						ProvisioningStyle = Automatic;
						TestTargetID = 11FC35141F61D02100CC5F1D;
					};
				};
			};
			buildConfigurationList = 11FC35101F61D02100CC5F1D /* Build configuration list for PBXProject "MadridShops" */;
			compatibilityVersion = "Xcode 8.0";
			developmentRegion = en;
			hasScannedForEncodings = 0;
			knownRegions = (
				en,
				Base,
			);
			mainGroup = 11FC350C1F61D02100CC5F1D;
			productRefGroup = 11FC35161F61D02100CC5F1D /* Products */;
			projectDirPath = "";
			projectRoot = "";
			targets = (
				11FC35141F61D02100CC5F1D /* MadridShops */,
				11FC35281F61D02100CC5F1D /* MadridShopsTests */,
			);
		};
/* End PBXProject section */

/* Begin PBXResourcesBuildPhase section */
		11FC35131F61D02100CC5F1D /* Resources */ = {
			isa = PBXResourcesBuildPhase;
			buildActionMask = 2147483647;
			files = (
				11F8A5361F6712FD00DF37F2 /* Podfile in Resources */,
				11FC35231F61D02100CC5F1D /* LaunchScreen.storyboard in Resources */,
				11FC35201F61D02100CC5F1D /* Assets.xcassets in Resources */,
				11A70CAD1F66BD62003F9C0F /* ShopCell.xib in Resources */,
				11FC351E1F61D02100CC5F1D /* Main.storyboard in Resources */,
			);
			runOnlyForDeploymentPostprocessing = 0;
		};
		11FC35271F61D02100CC5F1D /* Resources */ = {
			isa = PBXResourcesBuildPhase;
			buildActionMask = 2147483647;
			files = (
			);
			runOnlyForDeploymentPostprocessing = 0;
		};
/* End PBXResourcesBuildPhase section */

/* Begin PBXShellScriptBuildPhase section */
		0DA03F30EA9C235AD00A3A19 /* [CP] Embed Pods Frameworks */ = {
			isa = PBXShellScriptBuildPhase;
			buildActionMask = 2147483647;
			files = (
			);
			inputPaths = (
				"${SRCROOT}/Pods/Target Support Files/Pods-MadridShopsTests/Pods-MadridShopsTests-frameworks.sh",
				"${BUILT_PRODUCTS_DIR}/FillableLoaders/FillableLoaders.framework",
			);
			name = "[CP] Embed Pods Frameworks";
			outputPaths = (
				"${TARGET_BUILD_DIR}/${FRAMEWORKS_FOLDER_PATH}/FillableLoaders.framework",
			);
			runOnlyForDeploymentPostprocessing = 0;
			shellPath = /bin/sh;
			shellScript = "\"${SRCROOT}/Pods/Target Support Files/Pods-MadridShopsTests/Pods-MadridShopsTests-frameworks.sh\"\n";
			showEnvVarsInLog = 0;
		};
		23690DB493FDF2F2B3CB39AF /* [CP] Check Pods Manifest.lock */ = {
			isa = PBXShellScriptBuildPhase;
			buildActionMask = 2147483647;
			files = (
			);
			inputPaths = (
				"${PODS_PODFILE_DIR_PATH}/Podfile.lock",
				"${PODS_ROOT}/Manifest.lock",
			);
			name = "[CP] Check Pods Manifest.lock";
			outputPaths = (
				"$(DERIVED_FILE_DIR)/Pods-MadridShopsTests-checkManifestLockResult.txt",
			);
			runOnlyForDeploymentPostprocessing = 0;
			shellPath = /bin/sh;
			shellScript = "diff \"${PODS_PODFILE_DIR_PATH}/Podfile.lock\" \"${PODS_ROOT}/Manifest.lock\" > /dev/null\nif [ $? != 0 ] ; then\n    # print error to STDERR\n    echo \"error: The sandbox is not in sync with the Podfile.lock. Run 'pod install' or update your CocoaPods installation.\" >&2\n    exit 1\nfi\n# This output is used by Xcode 'outputs' to avoid re-running this script phase.\necho \"SUCCESS\" > \"${SCRIPT_OUTPUT_FILE_0}\"\n";
			showEnvVarsInLog = 0;
		};
		719DE0637EE46E76AA97435F /* [CP] Copy Pods Resources */ = {
			isa = PBXShellScriptBuildPhase;
			buildActionMask = 2147483647;
			files = (
			);
			inputPaths = (
			);
			name = "[CP] Copy Pods Resources";
			outputPaths = (
			);
			runOnlyForDeploymentPostprocessing = 0;
			shellPath = /bin/sh;
			shellScript = "\"${SRCROOT}/Pods/Target Support Files/Pods-MadridShops/Pods-MadridShops-resources.sh\"\n";
			showEnvVarsInLog = 0;
		};
		9788DCA52C1B5B9459BB813F /* [CP] Embed Pods Frameworks */ = {
			isa = PBXShellScriptBuildPhase;
			buildActionMask = 2147483647;
			files = (
			);
			inputPaths = (
				"${SRCROOT}/Pods/Target Support Files/Pods-MadridShops/Pods-MadridShops-frameworks.sh",
				"${BUILT_PRODUCTS_DIR}/FillableLoaders/FillableLoaders.framework",
			);
			name = "[CP] Embed Pods Frameworks";
			outputPaths = (
				"${TARGET_BUILD_DIR}/${FRAMEWORKS_FOLDER_PATH}/FillableLoaders.framework",
			);
			runOnlyForDeploymentPostprocessing = 0;
			shellPath = /bin/sh;
			shellScript = "\"${SRCROOT}/Pods/Target Support Files/Pods-MadridShops/Pods-MadridShops-frameworks.sh\"\n";
			showEnvVarsInLog = 0;
		};
		B881FBE48291D5E59B3FF2E5 /* [CP] Copy Pods Resources */ = {
			isa = PBXShellScriptBuildPhase;
			buildActionMask = 2147483647;
			files = (
			);
			inputPaths = (
			);
			name = "[CP] Copy Pods Resources";
			outputPaths = (
			);
			runOnlyForDeploymentPostprocessing = 0;
			shellPath = /bin/sh;
			shellScript = "\"${SRCROOT}/Pods/Target Support Files/Pods-MadridShopsTests/Pods-MadridShopsTests-resources.sh\"\n";
			showEnvVarsInLog = 0;
		};
		E0FD17134DD654D1D3C0EEA0 /* [CP] Check Pods Manifest.lock */ = {
			isa = PBXShellScriptBuildPhase;
			buildActionMask = 2147483647;
			files = (
			);
			inputPaths = (
				"${PODS_PODFILE_DIR_PATH}/Podfile.lock",
				"${PODS_ROOT}/Manifest.lock",
			);
			name = "[CP] Check Pods Manifest.lock";
			outputPaths = (
				"$(DERIVED_FILE_DIR)/Pods-MadridShops-checkManifestLockResult.txt",
			);
			runOnlyForDeploymentPostprocessing = 0;
			shellPath = /bin/sh;
			shellScript = "diff \"${PODS_PODFILE_DIR_PATH}/Podfile.lock\" \"${PODS_ROOT}/Manifest.lock\" > /dev/null\nif [ $? != 0 ] ; then\n    # print error to STDERR\n    echo \"error: The sandbox is not in sync with the Podfile.lock. Run 'pod install' or update your CocoaPods installation.\" >&2\n    exit 1\nfi\n# This output is used by Xcode 'outputs' to avoid re-running this script phase.\necho \"SUCCESS\" > \"${SCRIPT_OUTPUT_FILE_0}\"\n";
			showEnvVarsInLog = 0;
		};
/* End PBXShellScriptBuildPhase section */

/* Begin PBXSourcesBuildPhase section */
		11FC35111F61D02100CC5F1D /* Sources */ = {
			isa = PBXSourcesBuildPhase;
			buildActionMask = 2147483647;
			files = (
				11FC353C1F61D2DC00CC5F1D /* Shop.swift in Sources */,
				115CD8DF1F74FDDC0076110C /* MapImageURL.swift in Sources */,
				112C9A791F6305200093A9F8 /* ShopCell.swift in Sources */,
				11029B8D1F6865530050DC0C /* JSONParser.swift in Sources */,
				11FDD4281F6F9CA100C94C72 /* SaveAllShopsInteractor.swift in Sources */,
				118B167C1F73D60F008D2E0D /* ViewController+MapView.swift in Sources */,
				115CD8DD1F74F7110076110C /* URL_CONSTANTS.swift in Sources */,
				11FC351B1F61D02100CC5F1D /* ViewController.swift in Sources */,
				11889AD21F629334008B8F18 /* DownloadAllShopsInteractorFakeImpl.swift in Sources */,
				11FDD42A1F6F9D8600C94C72 /* SaveAllShopsInteractorImpl.swift in Sources */,
				11FC353E1F61D4F700CC5F1D /* Shops.swift in Sources */,
				11771BF71F73972F008BCF9B /* String+Float.swift in Sources */,
				11E464CF1F710D1E00264E7B /* MapShops.swift in Sources */,
				11E464D51F71120000264E7B /* SetExecutedOnceInteractor.swift in Sources */,
				11889ACE1F6292B4008B8F18 /* Typealias.swift in Sources */,
				11F9DF0E1F682CEA00C01C0F /* DownloadAllShopInteractorNSOpImpl.swift in Sources */,
				11029B8F1F68687E0050DC0C /* DownloadAllShopsInteractorNSURLSessionImpl.swift in Sources */,
				110DA75A1F61E127009A0BDF /* DownloadAllShopsInteractor.swift in Sources */,
				11029B911F68731D0050DC0C /* ShopDetailViewController.swift in Sources */,
				11E464D91F71143B00264E7B /* ExecuteOnceInteractorImpl.swift in Sources */,
				111D22CF1F6EF140008ECC18 /* CoreDataStack.swift in Sources */,
				11E464D31F7111C000264E7B /* ExecuteOnceInteractor.swift in Sources */,
				112C9A761F62FFC80093A9F8 /* ViewController+CollectionView.swift in Sources */,
				11BE701C1F74FF8E00895CBD /* Double+String.swift in Sources */,
				116132D21F77AAFF00FAE562 /* DownloadImagesInteractorImpl.swift in Sources */,
				116132D01F77AA4700FAE562 /* DownloadImagesInteractor.swift in Sources */,
				118B167A1F73D265008D2E0D /* MapPin.swift in Sources */,
				11F8A5381F671E2800DF37F2 /* MainViewController.swift in Sources */,
				11E464D71F71133A00264E7B /* SetExecutedOnceInteractorImpl.swift in Sources */,
				111D22CD1F6EEFE1008ECC18 /* MadridShops.xcdatamodeld in Sources */,
				11FDD4241F6EF3D700C94C72 /* AppDelegate.swift in Sources */,
				11029B941F6880250050DC0C /* String+Image.swift in Sources */,
			);
			runOnlyForDeploymentPostprocessing = 0;
		};
		11FC35251F61D02100CC5F1D /* Sources */ = {
			isa = PBXSourcesBuildPhase;
			buildActionMask = 2147483647;
			files = (
				11FC35411F61DAD500CC5F1D /* ShopsTest.swift in Sources */,
			);
			runOnlyForDeploymentPostprocessing = 0;
		};
/* End PBXSourcesBuildPhase section */

/* Begin PBXTargetDependency section */
		11FC352B1F61D02100CC5F1D /* PBXTargetDependency */ = {
			isa = PBXTargetDependency;
			target = 11FC35141F61D02100CC5F1D /* MadridShops */;
			targetProxy = 11FC352A1F61D02100CC5F1D /* PBXContainerItemProxy */;
		};
/* End PBXTargetDependency section */

/* Begin PBXVariantGroup section */
		11FC351C1F61D02100CC5F1D /* Main.storyboard */ = {
			isa = PBXVariantGroup;
			children = (
				11FC351D1F61D02100CC5F1D /* Base */,
			);
			name = Main.storyboard;
			sourceTree = "<group>";
		};
		11FC35211F61D02100CC5F1D /* LaunchScreen.storyboard */ = {
			isa = PBXVariantGroup;
			children = (
				11FC35221F61D02100CC5F1D /* Base */,
			);
			name = LaunchScreen.storyboard;
			sourceTree = "<group>";
		};
/* End PBXVariantGroup section */

/* Begin XCBuildConfiguration section */
		11FC35301F61D02100CC5F1D /* Debug */ = {
			isa = XCBuildConfiguration;
			buildSettings = {
				ALWAYS_SEARCH_USER_PATHS = NO;
				CLANG_ANALYZER_NONNULL = YES;
				CLANG_ANALYZER_NUMBER_OBJECT_CONVERSION = YES_AGGRESSIVE;
				CLANG_CXX_LANGUAGE_STANDARD = "gnu++14";
				CLANG_CXX_LIBRARY = "libc++";
				CLANG_ENABLE_MODULES = YES;
				CLANG_ENABLE_OBJC_ARC = YES;
				CLANG_WARN_BLOCK_CAPTURE_AUTORELEASING = YES;
				CLANG_WARN_BOOL_CONVERSION = YES;
				CLANG_WARN_COMMA = YES;
				CLANG_WARN_CONSTANT_CONVERSION = YES;
				CLANG_WARN_DIRECT_OBJC_ISA_USAGE = YES_ERROR;
				CLANG_WARN_DOCUMENTATION_COMMENTS = YES;
				CLANG_WARN_EMPTY_BODY = YES;
				CLANG_WARN_ENUM_CONVERSION = YES;
				CLANG_WARN_INFINITE_RECURSION = YES;
				CLANG_WARN_INT_CONVERSION = YES;
				CLANG_WARN_NON_LITERAL_NULL_CONVERSION = YES;
				CLANG_WARN_OBJC_LITERAL_CONVERSION = YES;
				CLANG_WARN_OBJC_ROOT_CLASS = YES_ERROR;
				CLANG_WARN_RANGE_LOOP_ANALYSIS = YES;
				CLANG_WARN_STRICT_PROTOTYPES = YES;
				CLANG_WARN_SUSPICIOUS_MOVE = YES;
				CLANG_WARN_UNGUARDED_AVAILABILITY = YES_AGGRESSIVE;
				CLANG_WARN_UNREACHABLE_CODE = YES;
				CLANG_WARN__DUPLICATE_METHOD_MATCH = YES;
				CODE_SIGN_IDENTITY = "iPhone Developer";
				COPY_PHASE_STRIP = NO;
				DEBUG_INFORMATION_FORMAT = dwarf;
				ENABLE_STRICT_OBJC_MSGSEND = YES;
				ENABLE_TESTABILITY = YES;
				GCC_C_LANGUAGE_STANDARD = gnu11;
				GCC_DYNAMIC_NO_PIC = NO;
				GCC_NO_COMMON_BLOCKS = YES;
				GCC_OPTIMIZATION_LEVEL = 0;
				GCC_PREPROCESSOR_DEFINITIONS = (
					"DEBUG=1",
					"$(inherited)",
				);
				GCC_WARN_64_TO_32_BIT_CONVERSION = YES;
				GCC_WARN_ABOUT_RETURN_TYPE = YES_ERROR;
				GCC_WARN_UNDECLARED_SELECTOR = YES;
				GCC_WARN_UNINITIALIZED_AUTOS = YES_AGGRESSIVE;
				GCC_WARN_UNUSED_FUNCTION = YES;
				GCC_WARN_UNUSED_VARIABLE = YES;
				IPHONEOS_DEPLOYMENT_TARGET = 11.0;
				MTL_ENABLE_DEBUG_INFO = YES;
				ONLY_ACTIVE_ARCH = YES;
				SDKROOT = iphoneos;
				SWIFT_ACTIVE_COMPILATION_CONDITIONS = DEBUG;
				SWIFT_OPTIMIZATION_LEVEL = "-Onone";
			};
			name = Debug;
		};
		11FC35311F61D02100CC5F1D /* Release */ = {
			isa = XCBuildConfiguration;
			buildSettings = {
				ALWAYS_SEARCH_USER_PATHS = NO;
				CLANG_ANALYZER_NONNULL = YES;
				CLANG_ANALYZER_NUMBER_OBJECT_CONVERSION = YES_AGGRESSIVE;
				CLANG_CXX_LANGUAGE_STANDARD = "gnu++14";
				CLANG_CXX_LIBRARY = "libc++";
				CLANG_ENABLE_MODULES = YES;
				CLANG_ENABLE_OBJC_ARC = YES;
				CLANG_WARN_BLOCK_CAPTURE_AUTORELEASING = YES;
				CLANG_WARN_BOOL_CONVERSION = YES;
				CLANG_WARN_COMMA = YES;
				CLANG_WARN_CONSTANT_CONVERSION = YES;
				CLANG_WARN_DIRECT_OBJC_ISA_USAGE = YES_ERROR;
				CLANG_WARN_DOCUMENTATION_COMMENTS = YES;
				CLANG_WARN_EMPTY_BODY = YES;
				CLANG_WARN_ENUM_CONVERSION = YES;
				CLANG_WARN_INFINITE_RECURSION = YES;
				CLANG_WARN_INT_CONVERSION = YES;
				CLANG_WARN_NON_LITERAL_NULL_CONVERSION = YES;
				CLANG_WARN_OBJC_LITERAL_CONVERSION = YES;
				CLANG_WARN_OBJC_ROOT_CLASS = YES_ERROR;
				CLANG_WARN_RANGE_LOOP_ANALYSIS = YES;
				CLANG_WARN_STRICT_PROTOTYPES = YES;
				CLANG_WARN_SUSPICIOUS_MOVE = YES;
				CLANG_WARN_UNGUARDED_AVAILABILITY = YES_AGGRESSIVE;
				CLANG_WARN_UNREACHABLE_CODE = YES;
				CLANG_WARN__DUPLICATE_METHOD_MATCH = YES;
				CODE_SIGN_IDENTITY = "iPhone Developer";
				COPY_PHASE_STRIP = NO;
				DEBUG_INFORMATION_FORMAT = "dwarf-with-dsym";
				ENABLE_NS_ASSERTIONS = NO;
				ENABLE_STRICT_OBJC_MSGSEND = YES;
				GCC_C_LANGUAGE_STANDARD = gnu11;
				GCC_NO_COMMON_BLOCKS = YES;
				GCC_WARN_64_TO_32_BIT_CONVERSION = YES;
				GCC_WARN_ABOUT_RETURN_TYPE = YES_ERROR;
				GCC_WARN_UNDECLARED_SELECTOR = YES;
				GCC_WARN_UNINITIALIZED_AUTOS = YES_AGGRESSIVE;
				GCC_WARN_UNUSED_FUNCTION = YES;
				GCC_WARN_UNUSED_VARIABLE = YES;
				IPHONEOS_DEPLOYMENT_TARGET = 11.0;
				MTL_ENABLE_DEBUG_INFO = NO;
				SDKROOT = iphoneos;
				SWIFT_OPTIMIZATION_LEVEL = "-Owholemodule";
				VALIDATE_PRODUCT = YES;
			};
			name = Release;
		};
		11FC35331F61D02100CC5F1D /* Debug */ = {
			isa = XCBuildConfiguration;
			baseConfigurationReference = 1EE7FA78A7C40EDA0EC765FB /* Pods-MadridShops.debug.xcconfig */;
			buildSettings = {
				ASSETCATALOG_COMPILER_APPICON_NAME = AppIcon;
				"CODE_SIGN_IDENTITY[sdk=iphoneos*]" = "iPhone Developer";
				CODE_SIGN_STYLE = Automatic;
				DEVELOPMENT_TEAM = 57XEBN6426;
				INFOPLIST_FILE = MadridShops/Info.plist;
				LD_RUNPATH_SEARCH_PATHS = "$(inherited) @executable_path/Frameworks";
				PRODUCT_BUNDLE_IDENTIFIER = com.jlsp.MadridShops;
				PRODUCT_NAME = "$(TARGET_NAME)";
				PROVISIONING_PROFILE = "";
				PROVISIONING_PROFILE_SPECIFIER = "";
				SWIFT_VERSION = 4.0;
				TARGETED_DEVICE_FAMILY = "1,2";
			};
			name = Debug;
		};
		11FC35341F61D02100CC5F1D /* Release */ = {
			isa = XCBuildConfiguration;
			baseConfigurationReference = 1C7BCE03F84E45C5656DA98C /* Pods-MadridShops.release.xcconfig */;
			buildSettings = {
				ASSETCATALOG_COMPILER_APPICON_NAME = AppIcon;
				"CODE_SIGN_IDENTITY[sdk=iphoneos*]" = "iPhone Developer";
				CODE_SIGN_STYLE = Automatic;
				DEVELOPMENT_TEAM = 57XEBN6426;
				INFOPLIST_FILE = MadridShops/Info.plist;
				LD_RUNPATH_SEARCH_PATHS = "$(inherited) @executable_path/Frameworks";
				PRODUCT_BUNDLE_IDENTIFIER = com.jlsp.MadridShops;
				PRODUCT_NAME = "$(TARGET_NAME)";
				PROVISIONING_PROFILE = "";
				PROVISIONING_PROFILE_SPECIFIER = "";
				SWIFT_VERSION = 4.0;
				TARGETED_DEVICE_FAMILY = "1,2";
			};
			name = Release;
		};
		11FC35361F61D02100CC5F1D /* Debug */ = {
			isa = XCBuildConfiguration;
			baseConfigurationReference = CEF1E2806CCE2963FCDC98D3 /* Pods-MadridShopsTests.debug.xcconfig */;
			buildSettings = {
				ALWAYS_EMBED_SWIFT_STANDARD_LIBRARIES = YES;
				BUNDLE_LOADER = "$(TEST_HOST)";
				CLANG_ENABLE_MODULES = YES;
				CODE_SIGN_STYLE = Automatic;
				DEVELOPMENT_TEAM = 57XEBN6426;
				INFOPLIST_FILE = MadridShopsTests/Info.plist;
				LD_RUNPATH_SEARCH_PATHS = "$(inherited) @executable_path/Frameworks @loader_path/Frameworks";
				PRODUCT_BUNDLE_IDENTIFIER = com.apparte.MadridShopsTests;
				PRODUCT_NAME = "$(TARGET_NAME)";
				SWIFT_OBJC_BRIDGING_HEADER = "MadridShopsTests/MadridShopsTests-Bridging-Header.h";
				SWIFT_OPTIMIZATION_LEVEL = "-Onone";
				SWIFT_VERSION = 4.0;
				TARGETED_DEVICE_FAMILY = "1,2";
				TEST_HOST = "$(BUILT_PRODUCTS_DIR)/MadridShops.app/MadridShops";
			};
			name = Debug;
		};
		11FC35371F61D02100CC5F1D /* Release */ = {
			isa = XCBuildConfiguration;
			baseConfigurationReference = 0D079886927B0C3F69604C1A /* Pods-MadridShopsTests.release.xcconfig */;
			buildSettings = {
				ALWAYS_EMBED_SWIFT_STANDARD_LIBRARIES = YES;
				BUNDLE_LOADER = "$(TEST_HOST)";
				CLANG_ENABLE_MODULES = YES;
				CODE_SIGN_STYLE = Automatic;
				DEVELOPMENT_TEAM = 57XEBN6426;
				INFOPLIST_FILE = MadridShopsTests/Info.plist;
				LD_RUNPATH_SEARCH_PATHS = "$(inherited) @executable_path/Frameworks @loader_path/Frameworks";
				PRODUCT_BUNDLE_IDENTIFIER = com.apparte.MadridShopsTests;
				PRODUCT_NAME = "$(TARGET_NAME)";
				SWIFT_OBJC_BRIDGING_HEADER = "MadridShopsTests/MadridShopsTests-Bridging-Header.h";
				SWIFT_VERSION = 4.0;
				TARGETED_DEVICE_FAMILY = "1,2";
				TEST_HOST = "$(BUILT_PRODUCTS_DIR)/MadridShops.app/MadridShops";
			};
			name = Release;
		};
/* End XCBuildConfiguration section */

/* Begin XCConfigurationList section */
		11FC35101F61D02100CC5F1D /* Build configuration list for PBXProject "MadridShops" */ = {
			isa = XCConfigurationList;
			buildConfigurations = (
				11FC35301F61D02100CC5F1D /* Debug */,
				11FC35311F61D02100CC5F1D /* Release */,
			);
			defaultConfigurationIsVisible = 0;
			defaultConfigurationName = Release;
		};
		11FC35321F61D02100CC5F1D /* Build configuration list for PBXNativeTarget "MadridShops" */ = {
			isa = XCConfigurationList;
			buildConfigurations = (
				11FC35331F61D02100CC5F1D /* Debug */,
				11FC35341F61D02100CC5F1D /* Release */,
			);
			defaultConfigurationIsVisible = 0;
			defaultConfigurationName = Release;
		};
		11FC35351F61D02100CC5F1D /* Build configuration list for PBXNativeTarget "MadridShopsTests" */ = {
			isa = XCConfigurationList;
			buildConfigurations = (
				11FC35361F61D02100CC5F1D /* Debug */,
				11FC35371F61D02100CC5F1D /* Release */,
			);
			defaultConfigurationIsVisible = 0;
			defaultConfigurationName = Release;
		};
/* End XCConfigurationList section */

/* Begin XCVersionGroup section */
		111D22CB1F6EEFE1008ECC18 /* MadridShops.xcdatamodeld */ = {
			isa = XCVersionGroup;
			children = (
				111D22CC1F6EEFE1008ECC18 /* MadridShops.xcdatamodel */,
			);
			currentVersion = 111D22CC1F6EEFE1008ECC18 /* MadridShops.xcdatamodel */;
			path = MadridShops.xcdatamodeld;
			sourceTree = "<group>";
			versionGroupType = wrapper.xcdatamodel;
		};
/* End XCVersionGroup section */
	};
	rootObject = 11FC350D1F61D02100CC5F1D /* Project object */;
}
